
Microsoft Visual Studio Solution File, Format Version 12.00
# Visual Studio 15
VisualStudioVersion = 15.0.26124.0
MinimumVisualStudioVersion = 15.0.26124.0
Project("{9A19103F-16F7-4668-BE54-9A1E7A4F7556}") = "Meeemories.Web", "Meeemories.Web\Meeemories.Web.csproj", "{45AC81CA-BA9B-4FFD-8D06-323B713529BB}"
EndProject
Project("{9A19103F-16F7-4668-BE54-9A1E7A4F7556}") = "Meeemories.Core", "Meeemories.Core\Meeemories.Core.csproj", "{079786CA-A911-44BA-A7BC-984EB33243C6}"
EndProject
Project("{FAE04EC0-301F-11D3-BF4B-00C04F79EFBC}") = "Meeemories.Functions", "Meeemories.Functions\Meeemories.Functions.csproj", "{F8131223-F224-4C32-920F-2F02A59886CE}"
EndProject
Global
	GlobalSection(SolutionConfigurationPlatforms) = preSolution
		Debug|Any CPU = Debug|Any CPU
		Debug|x64 = Debug|x64
		Debug|x86 = Debug|x86
		Release|Any CPU = Release|Any CPU
		Release|x64 = Release|x64
		Release|x86 = Release|x86
	EndGlobalSection
	GlobalSection(ProjectConfigurationPlatforms) = postSolution
		{45AC81CA-BA9B-4FFD-8D06-323B713529BB}.Debug|Any CPU.ActiveCfg = Debug|Any CPU
		{45AC81CA-BA9B-4FFD-8D06-323B713529BB}.Debug|Any CPU.Build.0 = Debug|Any CPU
		{45AC81CA-BA9B-4FFD-8D06-323B713529BB}.Debug|x64.ActiveCfg = Debug|Any CPU
		{45AC81CA-BA9B-4FFD-8D06-323B713529BB}.Debug|x64.Build.0 = Debug|Any CPU
		{45AC81CA-BA9B-4FFD-8D06-323B713529BB}.Debug|x86.ActiveCfg = Debug|Any CPU
		{45AC81CA-BA9B-4FFD-8D06-323B713529BB}.Debug|x86.Build.0 = Debug|Any CPU
		{45AC81CA-BA9B-4FFD-8D06-323B713529BB}.Release|Any CPU.ActiveCfg = Release|Any CPU
		{45AC81CA-BA9B-4FFD-8D06-323B713529BB}.Release|Any CPU.Build.0 = Release|Any CPU
		{45AC81CA-BA9B-4FFD-8D06-323B713529BB}.Release|x64.ActiveCfg = Release|Any CPU
		{45AC81CA-BA9B-4FFD-8D06-323B713529BB}.Release|x64.Build.0 = Release|Any CPU
		{45AC81CA-BA9B-4FFD-8D06-323B713529BB}.Release|x86.ActiveCfg = Release|Any CPU
		{45AC81CA-BA9B-4FFD-8D06-323B713529BB}.Release|x86.Build.0 = Release|Any CPU
		{079786CA-A911-44BA-A7BC-984EB33243C6}.Debug|Any CPU.ActiveCfg = Debug|Any CPU
		{079786CA-A911-44BA-A7BC-984EB33243C6}.Debug|Any CPU.Build.0 = Debug|Any CPU
		{079786CA-A911-44BA-A7BC-984EB33243C6}.Debug|x64.ActiveCfg = Debug|Any CPU
		{079786CA-A911-44BA-A7BC-984EB33243C6}.Debug|x64.Build.0 = Debug|Any CPU
		{079786CA-A911-44BA-A7BC-984EB33243C6}.Debug|x86.ActiveCfg = Debug|Any CPU
		{079786CA-A911-44BA-A7BC-984EB33243C6}.Debug|x86.Build.0 = Debug|Any CPU
		{079786CA-A911-44BA-A7BC-984EB33243C6}.Release|Any CPU.ActiveCfg = Release|Any CPU
		{079786CA-A911-44BA-A7BC-984EB33243C6}.Release|Any CPU.Build.0 = Release|Any CPU
		{079786CA-A911-44BA-A7BC-984EB33243C6}.Release|x64.ActiveCfg = Release|Any CPU
		{079786CA-A911-44BA-A7BC-984EB33243C6}.Release|x64.Build.0 = Release|Any CPU
		{079786CA-A911-44BA-A7BC-984EB33243C6}.Release|x86.ActiveCfg = Release|Any CPU
		{079786CA-A911-44BA-A7BC-984EB33243C6}.Release|x86.Build.0 = Release|Any CPU
		{F8131223-F224-4C32-920F-2F02A59886CE}.Debug|Any CPU.ActiveCfg = Debug|Any CPU
		{F8131223-F224-4C32-920F-2F02A59886CE}.Debug|Any CPU.Build.0 = Debug|Any CPU
		{F8131223-F224-4C32-920F-2F02A59886CE}.Debug|x64.ActiveCfg = Debug|Any CPU
		{F8131223-F224-4C32-920F-2F02A59886CE}.Debug|x64.Build.0 = Debug|Any CPU
		{F8131223-F224-4C32-920F-2F02A59886CE}.Debug|x86.ActiveCfg = Debug|Any CPU
		{F8131223-F224-4C32-920F-2F02A59886CE}.Debug|x86.Build.0 = Debug|Any CPU
		{F8131223-F224-4C32-920F-2F02A59886CE}.Release|Any CPU.ActiveCfg = Release|Any CPU
		{F8131223-F224-4C32-920F-2F02A59886CE}.Release|Any CPU.Build.0 = Release|Any CPU
		{F8131223-F224-4C32-920F-2F02A59886CE}.Release|x64.ActiveCfg = Release|Any CPU
		{F8131223-F224-4C32-920F-2F02A59886CE}.Release|x64.Build.0 = Release|Any CPU
		{F8131223-F224-4C32-920F-2F02A59886CE}.Release|x86.ActiveCfg = Release|Any CPU
		{F8131223-F224-4C32-920F-2F02A59886CE}.Release|x86.Build.0 = Release|Any CPU
	EndGlobalSection
	GlobalSection(SolutionProperties) = preSolution
		HideSolutionNode = FALSE
	EndGlobalSection
	GlobalSection(ExtensibilityGlobals) = postSolution
		SolutionGuid = {77DC6600-13BF-475E-842A-B922970D61A5}
	EndGlobalSection
EndGlobal
